
Microsoft Visual Studio Solution File, Format Version 12.00
# Visual Studio Version 17
VisualStudioVersion = 17.9.34902.65
MinimumVisualStudioVersion = 10.0.40219.1
Project("{FAE04EC0-301F-11D3-BF4B-00C04F79EFBC}") = "LibreriaTienda.Server", "LibreriaTienda.Server\LibreriaTienda.Server.csproj", "{FC3875CC-61AA-4CDE-9B1B-9078F78419B7}"
EndProject
Project("{54A90642-561A-4BB1-A94E-469ADEE60C69}") = "libreriatienda.client", "libreriatienda.client\libreriatienda.client.esproj", "{A294EDE9-F830-4D3F-A4CE-D2ADF703B232}"
EndProject
Global
	GlobalSection(SolutionConfigurationPlatforms) = preSolution
		Debug|Any CPU = Debug|Any CPU
		Release|Any CPU = Release|Any CPU
	EndGlobalSection
	GlobalSection(ProjectConfigurationPlatforms) = postSolution
		{FC3875CC-61AA-4CDE-9B1B-9078F78419B7}.Debug|Any CPU.ActiveCfg = Debug|Any CPU
		{FC3875CC-61AA-4CDE-9B1B-9078F78419B7}.Debug|Any CPU.Build.0 = Debug|Any CPU
		{FC3875CC-61AA-4CDE-9B1B-9078F78419B7}.Release|Any CPU.ActiveCfg = Release|Any CPU
		{FC3875CC-61AA-4CDE-9B1B-9078F78419B7}.Release|Any CPU.Build.0 = Release|Any CPU
		{A294EDE9-F830-4D3F-A4CE-D2ADF703B232}.Debug|Any CPU.ActiveCfg = Debug|Any CPU
		{A294EDE9-F830-4D3F-A4CE-D2ADF703B232}.Debug|Any CPU.Build.0 = Debug|Any CPU
		{A294EDE9-F830-4D3F-A4CE-D2ADF703B232}.Debug|Any CPU.Deploy.0 = Debug|Any CPU
		{A294EDE9-F830-4D3F-A4CE-D2ADF703B232}.Release|Any CPU.ActiveCfg = Release|Any CPU
		{A294EDE9-F830-4D3F-A4CE-D2ADF703B232}.Release|Any CPU.Build.0 = Release|Any CPU
		{A294EDE9-F830-4D3F-A4CE-D2ADF703B232}.Release|Any CPU.Deploy.0 = Release|Any CPU
	EndGlobalSection
	GlobalSection(SolutionProperties) = preSolution
		HideSolutionNode = FALSE
	EndGlobalSection
	GlobalSection(ExtensibilityGlobals) = postSolution
		SolutionGuid = {933373B9-B2ED-42A3-B051-39E34B5100F7}
	EndGlobalSection
EndGlobal
